// !$*UTF8*$!
{
	archiveVersion = 1;
	classes = {
	};
	objectVersion = 46;
	objects = {

/* Begin PBXBuildFile section */
		EB1AB0CF18E4D7130038FC94 /* Foundation.framework in Frameworks */ = {isa = PBXBuildFile; fileRef = EB1AB0CE18E4D7130038FC94 /* Foundation.framework */; };
		EB1AB0D118E4D7130038FC94 /* CoreGraphics.framework in Frameworks */ = {isa = PBXBuildFile; fileRef = EB1AB0D018E4D7130038FC94 /* CoreGraphics.framework */; };
		EB1AB0D318E4D7130038FC94 /* UIKit.framework in Frameworks */ = {isa = PBXBuildFile; fileRef = EB1AB0D218E4D7130038FC94 /* UIKit.framework */; };
		EB1AB0D918E4D7130038FC94 /* InfoPlist.strings in Resources */ = {isa = PBXBuildFile; fileRef = EB1AB0D718E4D7130038FC94 /* InfoPlist.strings */; };
		EB1AB0DB18E4D7130038FC94 /* main.m in Sources */ = {isa = PBXBuildFile; fileRef = EB1AB0DA18E4D7130038FC94 /* main.m */; };
		EB1AB0DF18E4D7130038FC94 /* BTAppDelegate.m in Sources */ = {isa = PBXBuildFile; fileRef = EB1AB0DE18E4D7130038FC94 /* BTAppDelegate.m */; };
		EB1AB0E218E4D7130038FC94 /* Main.storyboard in Resources */ = {isa = PBXBuildFile; fileRef = EB1AB0E018E4D7130038FC94 /* Main.storyboard */; };
		EB1AB0E518E4D7130038FC94 /* BTViewController.m in Sources */ = {isa = PBXBuildFile; fileRef = EB1AB0E418E4D7130038FC94 /* BTViewController.m */; };
		EB1AB0E718E4D7130038FC94 /* Images.xcassets in Resources */ = {isa = PBXBuildFile; fileRef = EB1AB0E618E4D7130038FC94 /* Images.xcassets */; };
		EB1AB0EE18E4D7130038FC94 /* XCTest.framework in Frameworks */ = {isa = PBXBuildFile; fileRef = EB1AB0ED18E4D7130038FC94 /* XCTest.framework */; };
		EB1AB0EF18E4D7130038FC94 /* Foundation.framework in Frameworks */ = {isa = PBXBuildFile; fileRef = EB1AB0CE18E4D7130038FC94 /* Foundation.framework */; };
		EB1AB0F018E4D7130038FC94 /* UIKit.framework in Frameworks */ = {isa = PBXBuildFile; fileRef = EB1AB0D218E4D7130038FC94 /* UIKit.framework */; };
		EB1AB0F818E4D7130038FC94 /* InfoPlist.strings in Resources */ = {isa = PBXBuildFile; fileRef = EB1AB0F618E4D7130038FC94 /* InfoPlist.strings */; };
		EB1AB0FA18E4D7130038FC94 /* BlueToothTests.m in Sources */ = {isa = PBXBuildFile; fileRef = EB1AB0F918E4D7130038FC94 /* BlueToothTests.m */; };
		EB1AB10418E4D9D20038FC94 /* CoreBluetooth.framework in Frameworks */ = {isa = PBXBuildFile; fileRef = EB1AB10318E4D9D20038FC94 /* CoreBluetooth.framework */; };
		EBE5D0F718EE3FF200459ADC /* BTCentral.m in Sources */ = {isa = PBXBuildFile; fileRef = EBE5D0F618EE3FF200459ADC /* BTCentral.m */; };
		EBE5D0FA18EE41D000459ADC /* BTPeripheral.m in Sources */ = {isa = PBXBuildFile; fileRef = EBE5D0F918EE41D000459ADC /* BTPeripheral.m */; };
		EBE5D0FC18F4D93C00459ADC /* escudosdasemana171.jpg in Resources */ = {isa = PBXBuildFile; fileRef = EBE5D0FB18F4D93C00459ADC /* escudosdasemana171.jpg */; };
/* End PBXBuildFile section */

/* Begin PBXContainerItemProxy section */
		EB1AB0F118E4D7130038FC94 /* PBXContainerItemProxy */ = {
			isa = PBXContainerItemProxy;
			containerPortal = EB1AB0C318E4D7130038FC94 /* Project object */;
			proxyType = 1;
			remoteGlobalIDString = EB1AB0CA18E4D7130038FC94;
			remoteInfo = BlueTooth;
		};
/* End PBXContainerItemProxy section */

/* Begin PBXFileReference section */
		EB1AB0CB18E4D7130038FC94 /* BlueTooth.app */ = {isa = PBXFileReference; explicitFileType = wrapper.application; includeInIndex = 0; path = BlueTooth.app; sourceTree = BUILT_PRODUCTS_DIR; };
		EB1AB0CE18E4D7130038FC94 /* Foundation.framework */ = {isa = PBXFileReference; lastKnownFileType = wrapper.framework; name = Foundation.framework; path = System/Library/Frameworks/Foundation.framework; sourceTree = SDKROOT; };
		EB1AB0D018E4D7130038FC94 /* CoreGraphics.framework */ = {isa = PBXFileReference; lastKnownFileType = wrapper.framework; name = CoreGraphics.framework; path = System/Library/Frameworks/CoreGraphics.framework; sourceTree = SDKROOT; };
		EB1AB0D218E4D7130038FC94 /* UIKit.framework */ = {isa = PBXFileReference; lastKnownFileType = wrapper.framework; name = UIKit.framework; path = System/Library/Frameworks/UIKit.framework; sourceTree = SDKROOT; };
		EB1AB0D618E4D7130038FC94 /* BlueTooth-Info.plist */ = {isa = PBXFileReference; lastKnownFileType = text.plist.xml; path = "BlueTooth-Info.plist"; sourceTree = "<group>"; };
		EB1AB0D818E4D7130038FC94 /* en */ = {isa = PBXFileReference; lastKnownFileType = text.plist.strings; name = en; path = en.lproj/InfoPlist.strings; sourceTree = "<group>"; };
		EB1AB0DA18E4D7130038FC94 /* main.m */ = {isa = PBXFileReference; lastKnownFileType = sourcecode.c.objc; path = main.m; sourceTree = "<group>"; };
		EB1AB0DC18E4D7130038FC94 /* BlueTooth-Prefix.pch */ = {isa = PBXFileReference; lastKnownFileType = sourcecode.c.h; path = "BlueTooth-Prefix.pch"; sourceTree = "<group>"; };
		EB1AB0DD18E4D7130038FC94 /* BTAppDelegate.h */ = {isa = PBXFileReference; lastKnownFileType = sourcecode.c.h; path = BTAppDelegate.h; sourceTree = "<group>"; };
		EB1AB0DE18E4D7130038FC94 /* BTAppDelegate.m */ = {isa = PBXFileReference; lastKnownFileType = sourcecode.c.objc; path = BTAppDelegate.m; sourceTree = "<group>"; };
		EB1AB0E118E4D7130038FC94 /* Base */ = {isa = PBXFileReference; lastKnownFileType = file.storyboard; name = Base; path = Base.lproj/Main.storyboard; sourceTree = "<group>"; };
		EB1AB0E318E4D7130038FC94 /* BTViewController.h */ = {isa = PBXFileReference; lastKnownFileType = sourcecode.c.h; path = BTViewController.h; sourceTree = "<group>"; };
		EB1AB0E418E4D7130038FC94 /* BTViewController.m */ = {isa = PBXFileReference; lastKnownFileType = sourcecode.c.objc; path = BTViewController.m; sourceTree = "<group>"; };
		EB1AB0E618E4D7130038FC94 /* Images.xcassets */ = {isa = PBXFileReference; lastKnownFileType = folder.assetcatalog; path = Images.xcassets; sourceTree = "<group>"; };
		EB1AB0EC18E4D7130038FC94 /* BlueToothTests.xctest */ = {isa = PBXFileReference; explicitFileType = wrapper.cfbundle; includeInIndex = 0; path = BlueToothTests.xctest; sourceTree = BUILT_PRODUCTS_DIR; };
		EB1AB0ED18E4D7130038FC94 /* XCTest.framework */ = {isa = PBXFileReference; lastKnownFileType = wrapper.framework; name = XCTest.framework; path = Library/Frameworks/XCTest.framework; sourceTree = DEVELOPER_DIR; };
		EB1AB0F518E4D7130038FC94 /* BlueToothTests-Info.plist */ = {isa = PBXFileReference; lastKnownFileType = text.plist.xml; path = "BlueToothTests-Info.plist"; sourceTree = "<group>"; };
		EB1AB0F718E4D7130038FC94 /* en */ = {isa = PBXFileReference; lastKnownFileType = text.plist.strings; name = en; path = en.lproj/InfoPlist.strings; sourceTree = "<group>"; };
		EB1AB0F918E4D7130038FC94 /* BlueToothTests.m */ = {isa = PBXFileReference; lastKnownFileType = sourcecode.c.objc; path = BlueToothTests.m; sourceTree = "<group>"; };
		EB1AB10318E4D9D20038FC94 /* CoreBluetooth.framework */ = {isa = PBXFileReference; lastKnownFileType = wrapper.framework; name = CoreBluetooth.framework; path = System/Library/Frameworks/CoreBluetooth.framework; sourceTree = SDKROOT; };
		EBE5D0F518EE3FF200459ADC /* BTCentral.h */ = {isa = PBXFileReference; fileEncoding = 4; lastKnownFileType = sourcecode.c.h; path = BTCentral.h; sourceTree = "<group>"; };
		EBE5D0F618EE3FF200459ADC /* BTCentral.m */ = {isa = PBXFileReference; fileEncoding = 4; lastKnownFileType = sourcecode.c.objc; path = BTCentral.m; sourceTree = "<group>"; };
		EBE5D0F818EE41D000459ADC /* BTPeripheral.h */ = {isa = PBXFileReference; fileEncoding = 4; lastKnownFileType = sourcecode.c.h; path = BTPeripheral.h; sourceTree = "<group>"; };
		EBE5D0F918EE41D000459ADC /* BTPeripheral.m */ = {isa = PBXFileReference; fileEncoding = 4; lastKnownFileType = sourcecode.c.objc; path = BTPeripheral.m; sourceTree = "<group>"; };
		EBE5D0FB18F4D93C00459ADC /* escudosdasemana171.jpg */ = {isa = PBXFileReference; lastKnownFileType = image.jpeg; name = escudosdasemana171.jpg; path = ../../../../../../Documents/escudosdasemana171.jpg; sourceTree = "<group>"; };
/* End PBXFileReference section */

/* Begin PBXFrameworksBuildPhase section */
		EB1AB0C818E4D7130038FC94 /* Frameworks */ = {
			isa = PBXFrameworksBuildPhase;
			buildActionMask = 2147483647;
			files = (
				EB1AB10418E4D9D20038FC94 /* CoreBluetooth.framework in Frameworks */,
				EB1AB0D118E4D7130038FC94 /* CoreGraphics.framework in Frameworks */,
				EB1AB0D318E4D7130038FC94 /* UIKit.framework in Frameworks */,
				EB1AB0CF18E4D7130038FC94 /* Foundation.framework in Frameworks */,
			);
			runOnlyForDeploymentPostprocessing = 0;
		};
		EB1AB0E918E4D7130038FC94 /* Frameworks */ = {
			isa = PBXFrameworksBuildPhase;
			buildActionMask = 2147483647;
			files = (
				EB1AB0EE18E4D7130038FC94 /* XCTest.framework in Frameworks */,
				EB1AB0F018E4D7130038FC94 /* UIKit.framework in Frameworks */,
				EB1AB0EF18E4D7130038FC94 /* Foundation.framework in Frameworks */,
			);
			runOnlyForDeploymentPostprocessing = 0;
		};
/* End PBXFrameworksBuildPhase section */

/* Begin PBXGroup section */
		EB1AB0C218E4D7130038FC94 = {
			isa = PBXGroup;
			children = (
				EB1AB0D418E4D7130038FC94 /* BlueTooth */,
				EB1AB0F318E4D7130038FC94 /* BlueToothTests */,
				EB1AB0CD18E4D7130038FC94 /* Frameworks */,
				EB1AB0CC18E4D7130038FC94 /* Products */,
			);
			sourceTree = "<group>";
		};
		EB1AB0CC18E4D7130038FC94 /* Products */ = {
			isa = PBXGroup;
			children = (
				EB1AB0CB18E4D7130038FC94 /* BlueTooth.app */,
				EB1AB0EC18E4D7130038FC94 /* BlueToothTests.xctest */,
			);
			name = Products;
			sourceTree = "<group>";
		};
		EB1AB0CD18E4D7130038FC94 /* Frameworks */ = {
			isa = PBXGroup;
			children = (
				EB1AB10318E4D9D20038FC94 /* CoreBluetooth.framework */,
				EB1AB0CE18E4D7130038FC94 /* Foundation.framework */,
				EB1AB0D018E4D7130038FC94 /* CoreGraphics.framework */,
				EB1AB0D218E4D7130038FC94 /* UIKit.framework */,
				EB1AB0ED18E4D7130038FC94 /* XCTest.framework */,
			);
			name = Frameworks;
			sourceTree = "<group>";
		};
		EB1AB0D418E4D7130038FC94 /* BlueTooth */ = {
			isa = PBXGroup;
			children = (
				EB1AB0DD18E4D7130038FC94 /* BTAppDelegate.h */,
				EB1AB0DE18E4D7130038FC94 /* BTAppDelegate.m */,
				EB1AB0E018E4D7130038FC94 /* Main.storyboard */,
				EB1AB0E318E4D7130038FC94 /* BTViewController.h */,
				EB1AB0E418E4D7130038FC94 /* BTViewController.m */,
				EBE5D0F518EE3FF200459ADC /* BTCentral.h */,
				EBE5D0F618EE3FF200459ADC /* BTCentral.m */,
				EBE5D0F818EE41D000459ADC /* BTPeripheral.h */,
				EBE5D0F918EE41D000459ADC /* BTPeripheral.m */,
				EBE5D0FB18F4D93C00459ADC /* escudosdasemana171.jpg */,
				EB1AB0E618E4D7130038FC94 /* Images.xcassets */,
				EB1AB0D518E4D7130038FC94 /* Supporting Files */,
			);
			path = BlueTooth;
			sourceTree = "<group>";
		};
		EB1AB0D518E4D7130038FC94 /* Supporting Files */ = {
			isa = PBXGroup;
			children = (
				EB1AB0D618E4D7130038FC94 /* BlueTooth-Info.plist */,
				EB1AB0D718E4D7130038FC94 /* InfoPlist.strings */,
				EB1AB0DA18E4D7130038FC94 /* main.m */,
				EB1AB0DC18E4D7130038FC94 /* BlueTooth-Prefix.pch */,
			);
			name = "Supporting Files";
			sourceTree = "<group>";
		};
		EB1AB0F318E4D7130038FC94 /* BlueToothTests */ = {
			isa = PBXGroup;
			children = (
				EB1AB0F918E4D7130038FC94 /* BlueToothTests.m */,
				EB1AB0F418E4D7130038FC94 /* Supporting Files */,
			);
			path = BlueToothTests;
			sourceTree = "<group>";
		};
		EB1AB0F418E4D7130038FC94 /* Supporting Files */ = {
			isa = PBXGroup;
			children = (
				EB1AB0F518E4D7130038FC94 /* BlueToothTests-Info.plist */,
				EB1AB0F618E4D7130038FC94 /* InfoPlist.strings */,
			);
			name = "Supporting Files";
			sourceTree = "<group>";
		};
/* End PBXGroup section */

/* Begin PBXNativeTarget section */
		EB1AB0CA18E4D7130038FC94 /* BlueTooth */ = {
			isa = PBXNativeTarget;
			buildConfigurationList = EB1AB0FD18E4D7130038FC94 /* Build configuration list for PBXNativeTarget "BlueTooth" */;
			buildPhases = (
				EB1AB0C718E4D7130038FC94 /* Sources */,
				EB1AB0C818E4D7130038FC94 /* Frameworks */,
				EB1AB0C918E4D7130038FC94 /* Resources */,
			);
			buildRules = (
			);
			dependencies = (
			);
			name = BlueTooth;
			productName = BlueTooth;
			productReference = EB1AB0CB18E4D7130038FC94 /* BlueTooth.app */;
			productType = "com.apple.product-type.application";
		};
		EB1AB0EB18E4D7130038FC94 /* BlueToothTests */ = {
			isa = PBXNativeTarget;
			buildConfigurationList = EB1AB10018E4D7130038FC94 /* Build configuration list for PBXNativeTarget "BlueToothTests" */;
			buildPhases = (
				EB1AB0E818E4D7130038FC94 /* Sources */,
				EB1AB0E918E4D7130038FC94 /* Frameworks */,
				EB1AB0EA18E4D7130038FC94 /* Resources */,
			);
			buildRules = (
			);
			dependencies = (
				EB1AB0F218E4D7130038FC94 /* PBXTargetDependency */,
			);
			name = BlueToothTests;
			productName = BlueToothTests;
			productReference = EB1AB0EC18E4D7130038FC94 /* BlueToothTests.xctest */;
			productType = "com.apple.product-type.bundle.unit-test";
		};
/* End PBXNativeTarget section */

/* Begin PBXProject section */
		EB1AB0C318E4D7130038FC94 /* Project object */ = {
			isa = PBXProject;
			attributes = {
				CLASSPREFIX = BT;
				LastUpgradeCheck = 0500;
				ORGANIZATIONNAME = "pedro paulo";
				TargetAttributes = {
					EB1AB0EB18E4D7130038FC94 = {
						TestTargetID = EB1AB0CA18E4D7130038FC94;
					};
				};
			};
			buildConfigurationList = EB1AB0C618E4D7130038FC94 /* Build configuration list for PBXProject "BlueTooth" */;
			compatibilityVersion = "Xcode 3.2";
			developmentRegion = English;
			hasScannedForEncodings = 0;
			knownRegions = (
				en,
				Base,
			);
			mainGroup = EB1AB0C218E4D7130038FC94;
			productRefGroup = EB1AB0CC18E4D7130038FC94 /* Products */;
			projectDirPath = "";
			projectRoot = "";
			targets = (
				EB1AB0CA18E4D7130038FC94 /* BlueTooth */,
				EB1AB0EB18E4D7130038FC94 /* BlueToothTests */,
			);
		};
/* End PBXProject section */

/* Begin PBXResourcesBuildPhase section */
		EB1AB0C918E4D7130038FC94 /* Resources */ = {
			isa = PBXResourcesBuildPhase;
			buildActionMask = 2147483647;
			files = (
				EB1AB0E718E4D7130038FC94 /* Images.xcassets in Resources */,
				EB1AB0D918E4D7130038FC94 /* InfoPlist.strings in Resources */,
				EBE5D0FC18F4D93C00459ADC /* escudosdasemana171.jpg in Resources */,
				EB1AB0E218E4D7130038FC94 /* Main.storyboard in Resources */,
			);
			runOnlyForDeploymentPostprocessing = 0;
		};
		EB1AB0EA18E4D7130038FC94 /* Resources */ = {
			isa = PBXResourcesBuildPhase;
			buildActionMask = 2147483647;
			files = (
				EB1AB0F818E4D7130038FC94 /* InfoPlist.strings in Resources */,
			);
			runOnlyForDeploymentPostprocessing = 0;
		};
/* End PBXResourcesBuildPhase section */

/* Begin PBXSourcesBuildPhase section */
		EB1AB0C718E4D7130038FC94 /* Sources */ = {
			isa = PBXSourcesBuildPhase;
			buildActionMask = 2147483647;
			files = (
				EB1AB0E518E4D7130038FC94 /* BTViewController.m in Sources */,
				EBE5D0FA18EE41D000459ADC /* BTPeripheral.m in Sources */,
				EBE5D0F718EE3FF200459ADC /* BTCentral.m in Sources */,
				EB1AB0DF18E4D7130038FC94 /* BTAppDelegate.m in Sources */,
				EB1AB0DB18E4D7130038FC94 /* main.m in Sources */,
			);
			runOnlyForDeploymentPostprocessing = 0;
		};
		EB1AB0E818E4D7130038FC94 /* Sources */ = {
			isa = PBXSourcesBuildPhase;
			buildActionMask = 2147483647;
			files = (
				EB1AB0FA18E4D7130038FC94 /* BlueToothTests.m in Sources */,
			);
			runOnlyForDeploymentPostprocessing = 0;
		};
/* End PBXSourcesBuildPhase section */

/* Begin PBXTargetDependency section */
		EB1AB0F218E4D7130038FC94 /* PBXTargetDependency */ = {
			isa = PBXTargetDependency;
			target = EB1AB0CA18E4D7130038FC94 /* BlueTooth */;
			targetProxy = EB1AB0F118E4D7130038FC94 /* PBXContainerItemProxy */;
		};
/* End PBXTargetDependency section */

/* Begin PBXVariantGroup section */
		EB1AB0D718E4D7130038FC94 /* InfoPlist.strings */ = {
			isa = PBXVariantGroup;
			children = (
				EB1AB0D818E4D7130038FC94 /* en */,
			);
			name = InfoPlist.strings;
			sourceTree = "<group>";
		};
		EB1AB0E018E4D7130038FC94 /* Main.storyboard */ = {
			isa = PBXVariantGroup;
			children = (
				EB1AB0E118E4D7130038FC94 /* Base */,
			);
			name = Main.storyboard;
			sourceTree = "<group>";
		};
		EB1AB0F618E4D7130038FC94 /* InfoPlist.strings */ = {
			isa = PBXVariantGroup;
			children = (
				EB1AB0F718E4D7130038FC94 /* en */,
			);
			name = InfoPlist.strings;
			sourceTree = "<group>";
		};
/* End PBXVariantGroup section */

/* Begin XCBuildConfiguration section */
		EB1AB0FB18E4D7130038FC94 /* Debug */ = {
			isa = XCBuildConfiguration;
			buildSettings = {
				ALWAYS_SEARCH_USER_PATHS = NO;
				ARCHS = "$(ARCHS_STANDARD_INCLUDING_64_BIT)";
				CLANG_CXX_LANGUAGE_STANDARD = "gnu++0x";
				CLANG_CXX_LIBRARY = "libc++";
				CLANG_ENABLE_MODULES = YES;
				CLANG_ENABLE_OBJC_ARC = YES;
				CLANG_WARN_BOOL_CONVERSION = YES;
				CLANG_WARN_CONSTANT_CONVERSION = YES;
				CLANG_WARN_DIRECT_OBJC_ISA_USAGE = YES_ERROR;
				CLANG_WARN_EMPTY_BODY = YES;
				CLANG_WARN_ENUM_CONVERSION = YES;
				CLANG_WARN_INT_CONVERSION = YES;
				CLANG_WARN_OBJC_ROOT_CLASS = YES_ERROR;
				CLANG_WARN__DUPLICATE_METHOD_MATCH = YES;
				"CODE_SIGN_IDENTITY[sdk=iphoneos*]" = "iPhone Developer";
				COPY_PHASE_STRIP = NO;
				GCC_C_LANGUAGE_STANDARD = gnu99;
				GCC_DYNAMIC_NO_PIC = NO;
				GCC_OPTIMIZATION_LEVEL = 0;
				GCC_PREPROCESSOR_DEFINITIONS = (
					"DEBUG=1",
					"$(inherited)",
				);
				GCC_SYMBOLS_PRIVATE_EXTERN = NO;
				GCC_WARN_64_TO_32_BIT_CONVERSION = YES;
				GCC_WARN_ABOUT_RETURN_TYPE = YES_ERROR;
				GCC_WARN_UNDECLARED_SELECTOR = YES;
				GCC_WARN_UNINITIALIZED_AUTOS = YES;
				GCC_WARN_UNUSED_FUNCTION = YES;
				GCC_WARN_UNUSED_VARIABLE = YES;
				IPHONEOS_DEPLOYMENT_TARGET = 7.0;
				ONLY_ACTIVE_ARCH = YES;
				SDKROOT = iphoneos;
			};
			name = Debug;
		};
		EB1AB0FC18E4D7130038FC94 /* Release */ = {
			isa = XCBuildConfiguration;
			buildSettings = {
				ALWAYS_SEARCH_USER_PATHS = NO;
				ARCHS = "$(ARCHS_STANDARD_INCLUDING_64_BIT)";
				CLANG_CXX_LANGUAGE_STANDARD = "gnu++0x";
				CLANG_CXX_LIBRARY = "libc++";
				CLANG_ENABLE_MODULES = YES;
				CLANG_ENABLE_OBJC_ARC = YES;
				CLANG_WARN_BOOL_CONVERSION = YES;
				CLANG_WARN_CONSTANT_CONVERSION = YES;
				CLANG_WARN_DIRECT_OBJC_ISA_USAGE = YES_ERROR;
				CLANG_WARN_EMPTY_BODY = YES;
				CLANG_WARN_ENUM_CONVERSION = YES;
				CLANG_WARN_INT_CONVERSION = YES;
				CLANG_WARN_OBJC_ROOT_CLASS = YES_ERROR;
				CLANG_WARN__DUPLICATE_METHOD_MATCH = YES;
				"CODE_SIGN_IDENTITY[sdk=iphoneos*]" = "iPhone Developer";
				COPY_PHASE_STRIP = YES;
				ENABLE_NS_ASSERTIONS = NO;
				GCC_C_LANGUAGE_STANDARD = gnu99;
				GCC_WARN_64_TO_32_BIT_CONVERSION = YES;
				GCC_WARN_ABOUT_RETURN_TYPE = YES_ERROR;
				GCC_WARN_UNDECLARED_SELECTOR = YES;
				GCC_WARN_UNINITIALIZED_AUTOS = YES;
				GCC_WARN_UNUSED_FUNCTION = YES;
				GCC_WARN_UNUSED_VARIABLE = YES;
				IPHONEOS_DEPLOYMENT_TARGET = 7.0;
				SDKROOT = iphoneos;
				VALIDATE_PRODUCT = YES;
			};
			name = Release;
		};
		EB1AB0FE18E4D7130038FC94 /* Debug */ = {
			isa = XCBuildConfiguration;
			buildSettings = {
				ASSETCATALOG_COMPILER_APPICON_NAME = AppIcon;
				ASSETCATALOG_COMPILER_LAUNCHIMAGE_NAME = LaunchImage;
				GCC_PRECOMPILE_PREFIX_HEADER = YES;
				GCC_PREFIX_HEADER = "BlueTooth/BlueTooth-Prefix.pch";
				INFOPLIST_FILE = "BlueTooth/BlueTooth-Info.plist";
				IPHONEOS_DEPLOYMENT_TARGET = 7.1;
				PRODUCT_NAME = "$(TARGET_NAME)";
				WRAPPER_EXTENSION = app;
			};
			name = Debug;
		};
		EB1AB0FF18E4D7130038FC94 /* Release */ = {
			isa = XCBuildConfiguration;
			buildSettings = {
				ASSETCATALOG_COMPILER_APPICON_NAME = AppIcon;
				ASSETCATALOG_COMPILER_LAUNCHIMAGE_NAME = LaunchImage;
				GCC_PRECOMPILE_PREFIX_HEADER = YES;
				GCC_PREFIX_HEADER = "BlueTooth/BlueTooth-Prefix.pch";
				INFOPLIST_FILE = "BlueTooth/BlueTooth-Info.plist";
				IPHONEOS_DEPLOYMENT_TARGET = 7.1;
				PRODUCT_NAME = "$(TARGET_NAME)";
				WRAPPER_EXTENSION = app;
			};
			name = Release;
		};
		EB1AB10118E4D7130038FC94 /* Debug */ = {
			isa = XCBuildConfiguration;
			buildSettings = {
				ARCHS = "$(ARCHS_STANDARD_INCLUDING_64_BIT)";
				BUNDLE_LOADER = "$(BUILT_PRODUCTS_DIR)/BlueTooth.app/BlueTooth";
				FRAMEWORK_SEARCH_PATHS = (
					"$(SDKROOT)/Developer/Library/Frameworks",
					"$(inherited)",
					"$(DEVELOPER_FRAMEWORKS_DIR)",
				);
				GCC_PRECOMPILE_PREFIX_HEADER = YES;
				GCC_PREFIX_HEADER = "BlueTooth/BlueTooth-Prefix.pch";
				GCC_PREPROCESSOR_DEFINITIONS = (
					"DEBUG=1",
					"$(inherited)",
				);
				INFOPLIST_FILE = "BlueToothTests/BlueToothTests-Info.plist";
				PRODUCT_NAME = "$(TARGET_NAME)";
				TEST_HOST = "$(BUNDLE_LOADER)";
				WRAPPER_EXTENSION = xctest;
			};
			name = Debug;
		};
		EB1AB10218E4D7130038FC94 /* Release */ = {
			isa = XCBuildConfiguration;
			buildSettings = {
				ARCHS = "$(ARCHS_STANDARD_INCLUDING_64_BIT)";
				BUNDLE_LOADER = "$(BUILT_PRODUCTS_DIR)/BlueTooth.app/BlueTooth";
				FRAMEWORK_SEARCH_PATHS = (
					"$(SDKROOT)/Developer/Library/Frameworks",
					"$(inherited)",
					"$(DEVELOPER_FRAMEWORKS_DIR)",
				);
				GCC_PRECOMPILE_PREFIX_HEADER = YES;
				GCC_PREFIX_HEADER = "BlueTooth/BlueTooth-Prefix.pch";
				INFOPLIST_FILE = "BlueToothTests/BlueToothTests-Info.plist";
				PRODUCT_NAME = "$(TARGET_NAME)";
				TEST_HOST = "$(BUNDLE_LOADER)";
				WRAPPER_EXTENSION = xctest;
			};
			name = Release;
		};
/* End XCBuildConfiguration section */

/* Begin XCConfigurationList section */
		EB1AB0C618E4D7130038FC94 /* Build configuration list for PBXProject "BlueTooth" */ = {
			isa = XCConfigurationList;
			buildConfigurations = (
				EB1AB0FB18E4D7130038FC94 /* Debug */,
				EB1AB0FC18E4D7130038FC94 /* Release */,
			);
			defaultConfigurationIsVisible = 0;
			defaultConfigurationName = Release;
		};
		EB1AB0FD18E4D7130038FC94 /* Build configuration list for PBXNativeTarget "BlueTooth" */ = {
			isa = XCConfigurationList;
			buildConfigurations = (
				EB1AB0FE18E4D7130038FC94 /* Debug */,
				EB1AB0FF18E4D7130038FC94 /* Release */,
			);
			defaultConfigurationIsVisible = 0;
			defaultConfigurationName = Release;
		};
		EB1AB10018E4D7130038FC94 /* Build configuration list for PBXNativeTarget "BlueToothTests" */ = {
			isa = XCConfigurationList;
			buildConfigurations = (
				EB1AB10118E4D7130038FC94 /* Debug */,
				EB1AB10218E4D7130038FC94 /* Release */,
			);
			defaultConfigurationIsVisible = 0;
			defaultConfigurationName = Release;
		};
/* End XCConfigurationList section */
	};
	rootObject = EB1AB0C318E4D7130038FC94 /* Project object */;
}
